
Microsoft Visual Studio Solution File, Format Version 12.00
# Visual Studio Version 17
VisualStudioVersion = 17.2.32516.85
MinimumVisualStudioVersion = 10.0.40219.1
Project("{FAE04EC0-301F-11D3-BF4B-00C04F79EFBC}") = "iakademi46_proje", "iakademi46_proje\iakademi46_proje.csproj", "{996C2BD8-1AD6-4837-BF46-431D540B4E21}"
EndProject
Global
	GlobalSection(SolutionConfigurationPlatforms) = preSolution
		Debug|Any CPU = Debug|Any CPU
		Release|Any CPU = Release|Any CPU
	EndGlobalSection
	GlobalSection(ProjectConfigurationPlatforms) = postSolution
		{996C2BD8-1AD6-4837-BF46-431D540B4E21}.Debug|Any CPU.ActiveCfg = Debug|Any CPU
		{996C2BD8-1AD6-4837-BF46-431D540B4E21}.Debug|Any CPU.Build.0 = Debug|Any CPU
		{996C2BD8-1AD6-4837-BF46-431D540B4E21}.Release|Any CPU.ActiveCfg = Release|Any CPU
		{996C2BD8-1AD6-4837-BF46-431D540B4E21}.Release|Any CPU.Build.0 = Release|Any CPU
	EndGlobalSection
	GlobalSection(SolutionProperties) = preSolution
		HideSolutionNode = FALSE
	EndGlobalSection
	GlobalSection(ExtensibilityGlobals) = postSolution
		SolutionGuid = {72CEAC64-6A98-42C2-B49E-EC9DB5A01C71}
	EndGlobalSection
EndGlobal
